# THIS IS AN AUTOGENERATED FILE. DO NOT EDIT THIS FILE DIRECTLY.
# yarn lockfile v1


"@trashman/ed25519-blake2b@^0.0.6":
  version "0.0.6"
  resolved "https://registry.yarnpkg.com/@trashman/ed25519-blake2b/-/ed25519-blake2b-0.0.6.tgz#6c39663eb19a3899078c833019d46527df80527b"
  integrity sha512-He+Q+hSFNe7/I9GBHWEf2nDod0VHFuUnPsA2zFrumxY51gYMoeIPEfSbFKn908DbXR8k4SigflX71HinCxiJiQ==
  dependencies:
    napi-macros "2.0.0"
    node-gyp-build "4.4.0"

b4a@^1.3.0, b4a@^1.3.1, b4a@^1.5.0, b4a@^1.6.1, b4a@^1.6.4:
  version "1.6.6"
  resolved "https://registry.yarnpkg.com/b4a/-/b4a-1.6.6.tgz#a4cc349a3851987c3c4ac2d7785c18744f6da9ba"
  integrity sha512-5Tk1HLk6b6ctmjIkAcU/Ujv/1WqiDl0F0JdRCR80VsOcUlHcu7pWeWRlOqQLHfDEsVx9YH/aif5AG4ehoCtTmg==

bare-events@^2.2.0:
  version "2.3.1"
  resolved "https://registry.yarnpkg.com/bare-events/-/bare-events-2.3.1.tgz#5af2ee0be9578f81e3c1aa9bc3a6a2bcf22307ce"
  integrity sha512-sJnSOTVESURZ61XgEleqmP255T6zTYwHPwE4r6SssIh0U9/uDvfpdoJYpVUerJJZH2fueO+CdT8ZT+OC/7aZDA==

base64-arraybuffer@^1.0.2:
  version "1.0.2"
  resolved "https://registry.yarnpkg.com/base64-arraybuffer/-/base64-arraybuffer-1.0.2.tgz#1c37589a7c4b0746e34bd1feb951da2df01c1bdc"
  integrity sha512-I3yl4r9QB5ZRY3XuJVEPfc2XhZO6YweFPI+UovAzn+8/hb3oJ6lnysaFcjVpkCPfVWFUDvoZ8kmVDP7WyRtYtQ==

bencode@^2.0.0:
  version "2.0.3"
  resolved "https://registry.yarnpkg.com/bencode/-/bencode-2.0.3.tgz#89b9c80ea1b8573554915a7d0c15f62b0aa7fc52"
  integrity sha512-D/vrAD4dLVX23NalHwb8dSvsUsxeRPO8Y7ToKA015JQYq69MLDOMkC0uGZYA/MPpltLO8rt8eqFC2j8DxjTZ/w==

bencode@^4.0.0:
  version "4.0.0"
  resolved "https://registry.yarnpkg.com/bencode/-/bencode-4.0.0.tgz#36ca0bc366290dad002215fc52fc74edf4eb0625"
  integrity sha512-AERXw18df0pF3ziGOCyUjqKZBVNH8HV3lBxnx5w0qtgMIk4a1wb9BkcCQbkp9Zstfrn/dzRwl7MmUHHocX3sRQ==
  dependencies:
    uint8-util "^2.2.2"

bittorrent-dht@^11.0.6:
  version "11.0.6"
  resolved "https://registry.yarnpkg.com/bittorrent-dht/-/bittorrent-dht-11.0.6.tgz#48178419b1cd248d1fd0c3bea8baee4616de08ce"
  integrity sha512-iDScIyLDKuuXOSIlPIxnvzH3llqatVkugjn3CSPPpjcHO+4dyahHiiPRpzR39k4l9qW79YAbI/AzSjNWoLchHQ==
  dependencies:
    bencode "^4.0.0"
    debug "^4.3.5"
    k-bucket "^5.1.0"
    k-rpc "^5.1.0"
    last-one-wins "^1.0.4"
    lru "^3.1.0"
    randombytes "^2.1.0"
    record-cache "^1.2.0"

chrome-dgram@^3.0.2:
  version "3.0.6"
  resolved "https://registry.yarnpkg.com/chrome-dgram/-/chrome-dgram-3.0.6.tgz#2288b5c7471f66f073691206d36319dda713cf55"
  integrity sha512-bqBsUuaOiXiqxXt/zA/jukNJJ4oaOtc7ciwqJpZVEaaXwwxqgI2/ZdG02vXYWUhHGziDlvGMQWk0qObgJwVYKA==
  dependencies:
    inherits "^2.0.4"
    run-series "^1.1.9"

chrome-dns@^1.0.0:
  version "1.0.1"
  resolved "https://registry.yarnpkg.com/chrome-dns/-/chrome-dns-1.0.1.tgz#6870af680a40d2c4b2efc2154a378793f5a4ce4b"
  integrity sha512-HqsYJgIc8ljJJOqOzLphjAs79EUuWSX3nzZi2LNkzlw3GIzAeZbaSektC8iT/tKvLqZq8yl1GJu5o6doA4TRbg==
  dependencies:
    chrome-net "^3.3.2"

chrome-net@^3.3.2:
  version "3.3.4"
  resolved "https://registry.yarnpkg.com/chrome-net/-/chrome-net-3.3.4.tgz#0e604a31d226ebfb8d2d1c381cab47d35309825d"
  integrity sha512-Jzy2EnzmE+ligqIZUsmWnck9RBXLuUy6CaKyuNMtowFG3ZvLt8d+WBJCTPEludV0DHpIKjAOlwjFmTaEdfdWCw==
  dependencies:
    inherits "^2.0.1"

compact-encoding-net@^1.2.0:
  version "1.2.0"
  resolved "https://registry.yarnpkg.com/compact-encoding-net/-/compact-encoding-net-1.2.0.tgz#19d2efd55df10f2ee793576fc4483bf6d2218743"
  integrity sha512-LVXpNpF7PGQeHRVVLGgYWzuVoYAaDZvKUsUxRioGfkotzvOh4AzoQF1HBH3zMNaSnx7gJXuUr3hkjnijaH/Eng==
  dependencies:
    compact-encoding "^2.4.1"

compact-encoding@^2.11.0, compact-encoding@^2.4.1:
  version "2.15.0"
  resolved "https://registry.yarnpkg.com/compact-encoding/-/compact-encoding-2.15.0.tgz#cf787ac2e91712603b106227c761bc2a7dcedad0"
  integrity sha512-af/NomxL9Mo0lqCk++rxLLDZI+lJqeBrPt4dK6FbjxTCEhfC9yQAIoO6yq9ixyCirce0luQwErkwJrhem6clxA==
  dependencies:
    b4a "^1.3.0"

debug@^4.3.5:
  version "4.3.5"
  resolved "https://registry.yarnpkg.com/debug/-/debug-4.3.5.tgz#e83444eceb9fedd4a1da56d671ae2446a01a6e1e"
  integrity sha512-pt0bNEmneDIvdL1Xsd9oDQ/wrQRkXDT4AUWlNZNPKvW5x/jyO9VFXkJUP07vQ2upmw5PlaITaPKc31jK13V+jg==
  dependencies:
    ms "2.1.2"

dht-rpc@^6.11.2:
  version "6.11.2"
  resolved "https://registry.yarnpkg.com/dht-rpc/-/dht-rpc-6.11.2.tgz#a089fe48f99fb5cf253afc4421c49602fb95e020"
  integrity sha512-R0LS2xwMhHZ9L9J7nWr3rqI3RhZjAh/0BDA/5b4dn3rqWEgCiBxe0WsyJaFXplkIg7+djxNma7LM0MkHuwbI1A==
  dependencies:
    b4a "^1.6.1"
    bare-events "^2.2.0"
    compact-encoding "^2.11.0"
    compact-encoding-net "^1.2.0"
    fast-fifo "^1.1.0"
    kademlia-routing-table "^1.0.1"
    nat-sampler "^1.0.1"
    sodium-universal "^4.0.0"
    streamx "^2.13.2"
    time-ordered-set "^1.0.2"
    udx-native "^1.5.3"

fast-fifo@^1.1.0, fast-fifo@^1.3.2:
  version "1.3.2"
  resolved "https://registry.yarnpkg.com/fast-fifo/-/fast-fifo-1.3.2.tgz#286e31de96eb96d38a97899815740ba2a4f3640c"
  integrity sha512-/d9sfos4yxzpwkDkuN7k2SqFKtYNmCTzgfEpz82x34IM9/zc8KGxQoXg1liNC/izpRM/MBdt44Nmx41ZWqk+FQ==

inherits@^2.0.1, inherits@^2.0.4:
  version "2.0.4"
  resolved "https://registry.yarnpkg.com/inherits/-/inherits-2.0.4.tgz#0fa2c64f932917c3433a0ded55363aae37416b7c"
  integrity sha512-k/vGaX4/Yla3WzyMCvTQOXYeIHvqOKtnqBduzTHpzpQZzAskKMhZ2K+EnBiSM9zGSoIFeMpXKxa4dYeZIQqewQ==

k-bucket@^5.0.0, k-bucket@^5.1.0:
  version "5.1.0"
  resolved "https://registry.yarnpkg.com/k-bucket/-/k-bucket-5.1.0.tgz#db2c9e72bd168b432e3f3e8fc092e2ccb61bff89"
  integrity sha512-Fac7iINEovXIWU20GPnOMLUbjctiS+cnmyjC4zAUgvs3XPf1vo9akfCHkigftSic/jiKqKl+KA3a/vFcJbHyCg==
  dependencies:
    randombytes "^2.1.0"

k-rpc-socket@^1.7.2:
  version "1.11.1"
  resolved "https://registry.yarnpkg.com/k-rpc-socket/-/k-rpc-socket-1.11.1.tgz#f14b4b240a716c6cad7b6434b21716dbd7c7b0e8"
  integrity sha512-8xtA8oqbZ6v1Niryp2/g4GxW16EQh5MvrUylQoOG+zcrDff5CKttON2XUXvMwlIHq4/2zfPVFiinAccJ+WhxoA==
  dependencies:
    bencode "^2.0.0"
    chrome-dgram "^3.0.2"
    chrome-dns "^1.0.0"
    chrome-net "^3.3.2"

k-rpc@^5.1.0:
  version "5.1.0"
  resolved "https://registry.yarnpkg.com/k-rpc/-/k-rpc-5.1.0.tgz#af2052de2e84994d55da3032175da5dad8640174"
  integrity sha512-FGc+n70Hcjoa/X2JTwP+jMIOpBz+pkRffHnSl9yrYiwUxg3FIgD50+u1ePfJUOnRCnx6pbjmVk5aAeB1wIijuQ==
  dependencies:
    k-bucket "^5.0.0"
    k-rpc-socket "^1.7.2"
    randombytes "^2.0.5"

kademlia-routing-table@^1.0.1:
  version "1.0.3"
  resolved "https://registry.yarnpkg.com/kademlia-routing-table/-/kademlia-routing-table-1.0.3.tgz#03a9a165411114268e632f845df0202a8c90c099"
  integrity sha512-ag1nLPaCSxbLnG6zeTBoGkdm+JSUi2JHMiNynHBoRG8se2w9yfyzepF3oX1B52HOEldtbuxTde5NxbNUtnwGqA==
  dependencies:
    bare-events "^2.2.0"

last-one-wins@^1.0.4:
  version "1.0.4"
  resolved "https://registry.yarnpkg.com/last-one-wins/-/last-one-wins-1.0.4.tgz#c1bfd0cbcb46790ec9156b8d1aee8fcb86cda22a"
  integrity sha512-t+KLJFkHPQk8lfN6WBOiGkiUXoub+gnb2XTYI2P3aiISL+94xgZ1vgz1SXN/N4hthuOoLXarXfBZPUruyjQtfA==

lru@^3.1.0:
  version "3.1.0"
  resolved "https://registry.yarnpkg.com/lru/-/lru-3.1.0.tgz#ea7fb8546d83733396a13091d76cfeb4c06837d5"
  integrity sha512-5OUtoiVIGU4VXBOshidmtOsvBIvcQR6FD/RzWSvaeHyxCGB+PCUCu+52lqMfdc0h/2CLvHhZS4TwUmMQrrMbBQ==
  dependencies:
    inherits "^2.0.1"

ms@2.1.2:
  version "2.1.2"
  resolved "https://registry.yarnpkg.com/ms/-/ms-2.1.2.tgz#d09d1f357b443f493382a8eb3ccd183872ae6009"
  integrity sha512-sGkPx+VjMtmA6MX27oA4FBFELFCZZ4S4XqeGOXCv68tT+jb3vk/RyaKWP0PTKyWtmLSM0b+adUTEvbs1PEaH2w==

napi-macros@2.0.0:
  version "2.0.0"
  resolved "https://registry.yarnpkg.com/napi-macros/-/napi-macros-2.0.0.tgz#2b6bae421e7b96eb687aa6c77a7858640670001b"
  integrity sha512-A0xLykHtARfueITVDernsAWdtIMbOJgKgcluwENp3AlsKN/PloyO10HtmoqnFAQAcxPkgZN7wdfPfEd0zNGxbg==

napi-macros@^2.0.0:
  version "2.2.2"
  resolved "https://registry.yarnpkg.com/napi-macros/-/napi-macros-2.2.2.tgz#817fef20c3e0e40a963fbf7b37d1600bd0201044"
  integrity sha512-hmEVtAGYzVQpCKdbQea4skABsdXW4RUh5t5mJ2zzqowJS2OyXZTU1KhDVFhx+NlWZ4ap9mqR9TcDO3LTTttd+g==

nat-sampler@^1.0.1:
  version "1.0.1"
  resolved "https://registry.yarnpkg.com/nat-sampler/-/nat-sampler-1.0.1.tgz#2b68338ea6d4c139450cd971fd00a4ac1b33d923"
  integrity sha512-yQvyNN7xbqR8crTKk3U8gRgpcV1Az+vfCEijiHu9oHHsnIl8n3x+yXNHl42M6L3czGynAVoOT9TqBfS87gDdcw==

node-gyp-build@4.4.0:
  version "4.4.0"
  resolved "https://registry.yarnpkg.com/node-gyp-build/-/node-gyp-build-4.4.0.tgz#42e99687ce87ddeaf3a10b99dc06abc11021f3f4"
  integrity sha512-amJnQCcgtRVw9SvoebO3BKGESClrfXGCUTX9hSn1OuGQTQBOZmVd0Z0OlecpuRksKvbsUqALE8jls/ErClAPuQ==

node-gyp-build@^4.4.0, node-gyp-build@^4.8.0:
  version "4.8.1"
  resolved "https://registry.yarnpkg.com/node-gyp-build/-/node-gyp-build-4.8.1.tgz#976d3ad905e71b76086f4f0b0d3637fe79b6cda5"
  integrity sha512-OSs33Z9yWr148JZcbZd5WiAXhh/n9z8TxQcdMhIOlpN9AhWpLfvVFO73+m77bBABQMaY9XSvIa+qk0jlI7Gcaw==

queue-tick@^1.0.1:
  version "1.0.1"
  resolved "https://registry.yarnpkg.com/queue-tick/-/queue-tick-1.0.1.tgz#f6f07ac82c1fd60f82e098b417a80e52f1f4c142"
  integrity sha512-kJt5qhMxoszgU/62PLP1CJytzd2NKetjSRnyuj31fDd3Rlcz3fzlFdFLD1SItunPwyqEOkca6GbV612BWfaBag==

randombytes@^2.0.5, randombytes@^2.1.0:
  version "2.1.0"
  resolved "https://registry.yarnpkg.com/randombytes/-/randombytes-2.1.0.tgz#df6f84372f0270dc65cdf6291349ab7a473d4f2a"
  integrity sha512-vYl3iOX+4CKUWuxGi9Ukhie6fsqXqS9FE2Zaic4tNFD2N2QQaXOMFbuKK4QmDHC0JO6B1Zp41J0LpT0oR68amQ==
  dependencies:
    safe-buffer "^5.1.0"

record-cache@^1.2.0:
  version "1.2.0"
  resolved "https://registry.yarnpkg.com/record-cache/-/record-cache-1.2.0.tgz#e601bc4f164d58330cc00055e27aa4682291c882"
  integrity sha512-kyy3HWCez2WrotaL3O4fTn0rsIdfRKOdQQcEJ9KpvmKmbffKVvwsloX063EgRUlpJIXHiDQFhJcTbZequ2uTZw==
  dependencies:
    b4a "^1.3.1"

run-series@^1.1.9:
  version "1.1.9"
  resolved "https://registry.yarnpkg.com/run-series/-/run-series-1.1.9.tgz#15ba9cb90e6a6c054e67c98e1dc063df0ecc113a"
  integrity sha512-Arc4hUN896vjkqCYrUXquBFtRZdv1PfLbTYP71efP6butxyQ0kWpiNJyAgsxscmQg1cqvHY32/UCBzXedTpU2g==

safe-buffer@^5.1.0:
  version "5.2.1"
  resolved "https://registry.yarnpkg.com/safe-buffer/-/safe-buffer-5.2.1.tgz#1eaf9fa9bdb1fdd4ec75f58f9cdb4e6b7827eec6"
  integrity sha512-rp3So07KcdmmKbGvgaNxQSJr7bGVSVk5S9Eq1F+ppbRo70+YeaDxkw5Dd8NPN+GD6bjnYm2VuPuCXmpuYvmCXQ==

sodium-native@^4.0.0:
  version "4.1.1"
  resolved "https://registry.yarnpkg.com/sodium-native/-/sodium-native-4.1.1.tgz#109bc924dd55c13db87c6dd30da047487595723c"
  integrity sha512-LXkAfRd4FHtkQS4X6g+nRcVaN7mWVNepV06phIsC6+IZFvGh1voW5TNQiQp2twVaMf05gZqQjuS+uWLM6gHhNQ==
  dependencies:
    node-gyp-build "^4.8.0"

sodium-universal@^4.0.0:
  version "4.0.1"
  resolved "https://registry.yarnpkg.com/sodium-universal/-/sodium-universal-4.0.1.tgz#75146f3b6fb6ab0dcc9278ad468ef5f23a0351e4"
  integrity sha512-sNp13PrxYLaUFHTGoDKkSDFvoEu51bfzE12RwGlqU1fcrkpAOK0NvizaJzOWV0Omtk9me2+Pnbjcf/l0efxuGQ==
  dependencies:
    sodium-native "^4.0.0"

streamx@^2.13.2, streamx@^2.14.0:
  version "2.18.0"
  resolved "https://registry.yarnpkg.com/streamx/-/streamx-2.18.0.tgz#5bc1a51eb412a667ebfdcd4e6cf6a6fc65721ac7"
  integrity sha512-LLUC1TWdjVdn1weXGcSxyTR3T4+acB6tVGXT95y0nGbca4t4o/ng1wKAGTljm9VicuCVLvRlqFYXYy5GwgM7sQ==
  dependencies:
    fast-fifo "^1.3.2"
    queue-tick "^1.0.1"
    text-decoder "^1.1.0"
  optionalDependencies:
    bare-events "^2.2.0"

text-decoder@^1.1.0:
  version "1.1.0"
  resolved "https://registry.yarnpkg.com/text-decoder/-/text-decoder-1.1.0.tgz#3379e728fcf4d3893ec1aea35e8c2cac215ef190"
  integrity sha512-TmLJNj6UgX8xcUZo4UDStGQtDiTzF7BzWlzn9g7UWrjkpHr5uJTK1ld16wZ3LXb2vb6jH8qU89dW5whuMdXYdw==
  dependencies:
    b4a "^1.6.4"

time-ordered-set@^1.0.2:
  version "1.0.2"
  resolved "https://registry.yarnpkg.com/time-ordered-set/-/time-ordered-set-1.0.2.tgz#3bd931fc048234147f8c2b8b1ebbebb0a3ecb96f"
  integrity sha512-vGO99JkxvgX+u+LtOKQEpYf31Kj3i/GNwVstfnh4dyINakMgeZCpew1e3Aj+06hEslhtHEd52g7m5IV+o1K8Mw==

udx-native@^1.5.3:
  version "1.9.0"
  resolved "https://registry.yarnpkg.com/udx-native/-/udx-native-1.9.0.tgz#6e26e381ffd77278f89cce3ad08ad8c2d4abbbed"
  integrity sha512-9zHnKi0keiiNlXeHzRKelu9A310qRYipzSTsFasjJJ4BQBJ8pXpFA6/8WuRaLUNyeNNv0YB4JAkIme61HgW+EA==
  dependencies:
    b4a "^1.5.0"
    bare-events "^2.2.0"
    napi-macros "^2.0.0"
    node-gyp-build "^4.4.0"
    streamx "^2.14.0"

uint8-util@^2.2.2:
  version "2.2.5"
  resolved "https://registry.yarnpkg.com/uint8-util/-/uint8-util-2.2.5.tgz#f1a8ff800e4e10a3ac1c82ee3667c99245123896"
  integrity sha512-/QxVQD7CttWpVUKVPz9znO+3Dd4BdTSnFQ7pv/4drVhC9m4BaL2LFHTkJn6EsYoxT79VDq/2Gg8L0H22PrzyMw==
  dependencies:
    base64-arraybuffer "^1.0.2"
